
Microsoft Visual Studio Solution File, Format Version 12.00
# Visual Studio Version 17
VisualStudioVersion = 17.9.34728.123
MinimumVisualStudioVersion = 10.0.40219.1
Project("{FAE04EC0-301F-11D3-BF4B-00C04F79EFBC}") = "SurveyMaster", "SurveyMaster\SurveyMaster.csproj", "{3DCD0144-B8F7-4857-813D-0845F3F3744D}"
EndProject
Global
	GlobalSection(SolutionConfigurationPlatforms) = preSolution
		Debug|Any CPU = Debug|Any CPU
		Release|Any CPU = Release|Any CPU
	EndGlobalSection
	GlobalSection(ProjectConfigurationPlatforms) = postSolution
		{3DCD0144-B8F7-4857-813D-0845F3F3744D}.Debug|Any CPU.ActiveCfg = Debug|Any CPU
		{3DCD0144-B8F7-4857-813D-0845F3F3744D}.Debug|Any CPU.Build.0 = Debug|Any CPU
		{3DCD0144-B8F7-4857-813D-0845F3F3744D}.Release|Any CPU.ActiveCfg = Release|Any CPU
		{3DCD0144-B8F7-4857-813D-0845F3F3744D}.Release|Any CPU.Build.0 = Release|Any CPU
	EndGlobalSection
	GlobalSection(SolutionProperties) = preSolution
		HideSolutionNode = FALSE
	EndGlobalSection
	GlobalSection(ExtensibilityGlobals) = postSolution
		SolutionGuid = {7D238F7C-CBE8-458D-A1E5-17610045F23A}
	EndGlobalSection
EndGlobal
